
Microsoft Visual Studio Solution File, Format Version 12.00
# Visual Studio 15
VisualStudioVersion = 15.0.28307.168
MinimumVisualStudioVersion = 10.0.40219.1
Project("{FAE04EC0-301F-11D3-BF4B-00C04F79EFBC}") = "SingletonPattern", "SingletonPattern\SingletonPattern.csproj", "{129AE6F3-4DD1-4D40-8D8B-9D78F8F780A2}"
EndProject
Project("{FAE04EC0-301F-11D3-BF4B-00C04F79EFBC}") = "FactoryMethodPattern", "FactoryMethodPattern\FactoryMethodPattern.csproj", "{17BB4B9D-57CA-406A-9FA9-C3F3BCA1D7C9}"
EndProject
Project("{FAE04EC0-301F-11D3-BF4B-00C04F79EFBC}") = "AbstractFactoryPattern", "AbstractFactoryPattern\AbstractFactoryPattern.csproj", "{AE4B89E1-56E7-4D86-AB00-A030F0CC95C6}"
EndProject
Global
	GlobalSection(SolutionConfigurationPlatforms) = preSolution
		Debug|Any CPU = Debug|Any CPU
		Release|Any CPU = Release|Any CPU
	EndGlobalSection
	GlobalSection(ProjectConfigurationPlatforms) = postSolution
		{129AE6F3-4DD1-4D40-8D8B-9D78F8F780A2}.Debug|Any CPU.ActiveCfg = Debug|Any CPU
		{129AE6F3-4DD1-4D40-8D8B-9D78F8F780A2}.Debug|Any CPU.Build.0 = Debug|Any CPU
		{129AE6F3-4DD1-4D40-8D8B-9D78F8F780A2}.Release|Any CPU.ActiveCfg = Release|Any CPU
		{129AE6F3-4DD1-4D40-8D8B-9D78F8F780A2}.Release|Any CPU.Build.0 = Release|Any CPU
		{17BB4B9D-57CA-406A-9FA9-C3F3BCA1D7C9}.Debug|Any CPU.ActiveCfg = Debug|Any CPU
		{17BB4B9D-57CA-406A-9FA9-C3F3BCA1D7C9}.Debug|Any CPU.Build.0 = Debug|Any CPU
		{17BB4B9D-57CA-406A-9FA9-C3F3BCA1D7C9}.Release|Any CPU.ActiveCfg = Release|Any CPU
		{17BB4B9D-57CA-406A-9FA9-C3F3BCA1D7C9}.Release|Any CPU.Build.0 = Release|Any CPU
		{AE4B89E1-56E7-4D86-AB00-A030F0CC95C6}.Debug|Any CPU.ActiveCfg = Debug|Any CPU
		{AE4B89E1-56E7-4D86-AB00-A030F0CC95C6}.Debug|Any CPU.Build.0 = Debug|Any CPU
		{AE4B89E1-56E7-4D86-AB00-A030F0CC95C6}.Release|Any CPU.ActiveCfg = Release|Any CPU
		{AE4B89E1-56E7-4D86-AB00-A030F0CC95C6}.Release|Any CPU.Build.0 = Release|Any CPU
	EndGlobalSection
	GlobalSection(SolutionProperties) = preSolution
		HideSolutionNode = FALSE
	EndGlobalSection
	GlobalSection(ExtensibilityGlobals) = postSolution
		SolutionGuid = {593EE3C4-FC16-4DEF-9940-FDF326508273}
	EndGlobalSection
EndGlobal
