
Microsoft Visual Studio Solution File, Format Version 12.00
# Visual Studio 15
VisualStudioVersion = 15.0.28307.168
MinimumVisualStudioVersion = 10.0.40219.1
Project("{9A19103F-16F7-4668-BE54-9A1E7A4F7556}") = "SingletonPattern", "SingletonPattern\SingletonPattern.csproj", "{129AE6F3-4DD1-4D40-8D8B-9D78F8F780A2}"
EndProject
Project("{9A19103F-16F7-4668-BE54-9A1E7A4F7556}") = "FactoryMethodPattern", "FactoryMethodPattern\FactoryMethodPattern.csproj", "{17BB4B9D-57CA-406A-9FA9-C3F3BCA1D7C9}"
EndProject
Project("{9A19103F-16F7-4668-BE54-9A1E7A4F7556}") = "AbstractFactoryPattern", "AbstractFactoryPattern\AbstractFactoryPattern.csproj", "{AE4B89E1-56E7-4D86-AB00-A030F0CC95C6}"
EndProject
Project("{9A19103F-16F7-4668-BE54-9A1E7A4F7556}") = "BuilderPattern", "BuilderPattern\BuilderPattern.csproj", "{C5E7DD87-B42A-49D9-84B2-C33B24A4F7F2}"
EndProject
Project("{9A19103F-16F7-4668-BE54-9A1E7A4F7556}") = "Prototypepattern", "Prototypepattern\Prototypepattern.csproj", "{A4DCF56B-BD47-4D4D-BCD6-A2AD8283CBE0}"
EndProject
Project("{2150E333-8FDC-42A3-9474-1A3956D46DE8}") = "Creational", "Creational", "{4C89E2C1-7532-450E-A38D-F8D7A17F9F0F}"
EndProject
Project("{2150E333-8FDC-42A3-9474-1A3956D46DE8}") = "Structural", "Structural", "{C28008CB-435A-4A61-9500-1BFFE92C11A4}"
EndProject
Project("{2150E333-8FDC-42A3-9474-1A3956D46DE8}") = "Behavioral", "Behavioral", "{994132F1-BD6F-4CF7-BFCE-672DFD3DCB61}"
EndProject
Project("{9A19103F-16F7-4668-BE54-9A1E7A4F7556}") = "AdapterPattern", "AdapterPattern\AdapterPattern.csproj", "{D6B54D31-13B2-4B6C-B8EC-8761612AD8C1}"
EndProject
Project("{9A19103F-16F7-4668-BE54-9A1E7A4F7556}") = "BridgePattern", "BridgePattern\BridgePattern.csproj", "{7621B615-0A51-4F37-8A7A-A02AFC1AB9DC}"
EndProject
Project("{9A19103F-16F7-4668-BE54-9A1E7A4F7556}") = "DecoratorPattern", "DecoratorPattern\DecoratorPattern.csproj", "{0DC1F6DA-F520-4387-B956-6B6E2D36C7A6}"
EndProject
Project("{9A19103F-16F7-4668-BE54-9A1E7A4F7556}") = "CompositePattern", "CompositePattern\CompositePattern.csproj", "{4E017C8D-3F86-4948-9825-5B37E45F3999}"
EndProject
Project("{FAE04EC0-301F-11D3-BF4B-00C04F79EFBC}") = "FacadePattern", "FacadePattern\FacadePattern.csproj", "{9DE9F35D-6D7D-47A9-8B7E-B6021AF0104B}"
EndProject
Project("{FAE04EC0-301F-11D3-BF4B-00C04F79EFBC}") = "FlyweightPattern", "FlyWeightPattern\FlyweightPattern.csproj", "{B791230B-6F37-43AA-AD9A-522DBE6A8C6B}"
EndProject
Project("{FAE04EC0-301F-11D3-BF4B-00C04F79EFBC}") = "ProxyPattern", "ProxyPattern\ProxyPattern.csproj", "{D426A2C8-0085-43D9-A301-1B23E80F5ADA}"
EndProject
Project("{FAE04EC0-301F-11D3-BF4B-00C04F79EFBC}") = "TemplateMethodPattern", "TemplateMethodPattern\TemplateMethodPattern.csproj", "{F7B7F253-0294-4898-8AF3-FEF72743DE53}"
EndProject
Project("{FAE04EC0-301F-11D3-BF4B-00C04F79EFBC}") = "CommandPattern", "CommandPattern\CommandPattern.csproj", "{94A4B958-A533-423D-ADD9-9E13EC8F2C33}"
EndProject
Project("{FAE04EC0-301F-11D3-BF4B-00C04F79EFBC}") = "IteratorPattern", "IteratorPattern\IteratorPattern.csproj", "{4FE4436C-0F92-47E5-9C84-F866CBA43D7C}"
EndProject
Project("{FAE04EC0-301F-11D3-BF4B-00C04F79EFBC}") = "ObserverPattern", "ObserverPattern\ObserverPattern.csproj", "{B188E3C1-6F93-4A24-B73A-505EE0D72444}"
EndProject
Project("{FAE04EC0-301F-11D3-BF4B-00C04F79EFBC}") = "MediatorPattern", "MediatorPattern\MediatorPattern.csproj", "{8033806F-C5B3-4D97-950C-6073AE24C703}"
EndProject
Project("{FAE04EC0-301F-11D3-BF4B-00C04F79EFBC}") = "StatePattern", "StatePattern\StatePattern.csproj", "{94D14591-42A4-40E4-B8D2-330FC1ADEB55}"
EndProject
Project("{FAE04EC0-301F-11D3-BF4B-00C04F79EFBC}") = "StrategyPattern", "StrategyPattern\StrategyPattern.csproj", "{9493CAE8-52CA-4479-B965-D915B9CF3E0B}"
EndProject
Global
	GlobalSection(SolutionConfigurationPlatforms) = preSolution
		Debug|Any CPU = Debug|Any CPU
		Release|Any CPU = Release|Any CPU
	EndGlobalSection
	GlobalSection(ProjectConfigurationPlatforms) = postSolution
		{129AE6F3-4DD1-4D40-8D8B-9D78F8F780A2}.Debug|Any CPU.ActiveCfg = Debug|Any CPU
		{129AE6F3-4DD1-4D40-8D8B-9D78F8F780A2}.Debug|Any CPU.Build.0 = Debug|Any CPU
		{129AE6F3-4DD1-4D40-8D8B-9D78F8F780A2}.Release|Any CPU.ActiveCfg = Release|Any CPU
		{129AE6F3-4DD1-4D40-8D8B-9D78F8F780A2}.Release|Any CPU.Build.0 = Release|Any CPU
		{17BB4B9D-57CA-406A-9FA9-C3F3BCA1D7C9}.Debug|Any CPU.ActiveCfg = Debug|Any CPU
		{17BB4B9D-57CA-406A-9FA9-C3F3BCA1D7C9}.Debug|Any CPU.Build.0 = Debug|Any CPU
		{17BB4B9D-57CA-406A-9FA9-C3F3BCA1D7C9}.Release|Any CPU.ActiveCfg = Release|Any CPU
		{17BB4B9D-57CA-406A-9FA9-C3F3BCA1D7C9}.Release|Any CPU.Build.0 = Release|Any CPU
		{AE4B89E1-56E7-4D86-AB00-A030F0CC95C6}.Debug|Any CPU.ActiveCfg = Debug|Any CPU
		{AE4B89E1-56E7-4D86-AB00-A030F0CC95C6}.Debug|Any CPU.Build.0 = Debug|Any CPU
		{AE4B89E1-56E7-4D86-AB00-A030F0CC95C6}.Release|Any CPU.ActiveCfg = Release|Any CPU
		{AE4B89E1-56E7-4D86-AB00-A030F0CC95C6}.Release|Any CPU.Build.0 = Release|Any CPU
		{C5E7DD87-B42A-49D9-84B2-C33B24A4F7F2}.Debug|Any CPU.ActiveCfg = Debug|Any CPU
		{C5E7DD87-B42A-49D9-84B2-C33B24A4F7F2}.Debug|Any CPU.Build.0 = Debug|Any CPU
		{C5E7DD87-B42A-49D9-84B2-C33B24A4F7F2}.Release|Any CPU.ActiveCfg = Release|Any CPU
		{C5E7DD87-B42A-49D9-84B2-C33B24A4F7F2}.Release|Any CPU.Build.0 = Release|Any CPU
		{A4DCF56B-BD47-4D4D-BCD6-A2AD8283CBE0}.Debug|Any CPU.ActiveCfg = Debug|Any CPU
		{A4DCF56B-BD47-4D4D-BCD6-A2AD8283CBE0}.Debug|Any CPU.Build.0 = Debug|Any CPU
		{A4DCF56B-BD47-4D4D-BCD6-A2AD8283CBE0}.Release|Any CPU.ActiveCfg = Release|Any CPU
		{A4DCF56B-BD47-4D4D-BCD6-A2AD8283CBE0}.Release|Any CPU.Build.0 = Release|Any CPU
		{D6B54D31-13B2-4B6C-B8EC-8761612AD8C1}.Debug|Any CPU.ActiveCfg = Debug|Any CPU
		{D6B54D31-13B2-4B6C-B8EC-8761612AD8C1}.Debug|Any CPU.Build.0 = Debug|Any CPU
		{D6B54D31-13B2-4B6C-B8EC-8761612AD8C1}.Release|Any CPU.ActiveCfg = Release|Any CPU
		{D6B54D31-13B2-4B6C-B8EC-8761612AD8C1}.Release|Any CPU.Build.0 = Release|Any CPU
		{7621B615-0A51-4F37-8A7A-A02AFC1AB9DC}.Debug|Any CPU.ActiveCfg = Debug|Any CPU
		{7621B615-0A51-4F37-8A7A-A02AFC1AB9DC}.Debug|Any CPU.Build.0 = Debug|Any CPU
		{7621B615-0A51-4F37-8A7A-A02AFC1AB9DC}.Release|Any CPU.ActiveCfg = Release|Any CPU
		{7621B615-0A51-4F37-8A7A-A02AFC1AB9DC}.Release|Any CPU.Build.0 = Release|Any CPU
		{0DC1F6DA-F520-4387-B956-6B6E2D36C7A6}.Debug|Any CPU.ActiveCfg = Debug|Any CPU
		{0DC1F6DA-F520-4387-B956-6B6E2D36C7A6}.Debug|Any CPU.Build.0 = Debug|Any CPU
		{0DC1F6DA-F520-4387-B956-6B6E2D36C7A6}.Release|Any CPU.ActiveCfg = Release|Any CPU
		{0DC1F6DA-F520-4387-B956-6B6E2D36C7A6}.Release|Any CPU.Build.0 = Release|Any CPU
		{4E017C8D-3F86-4948-9825-5B37E45F3999}.Debug|Any CPU.ActiveCfg = Debug|Any CPU
		{4E017C8D-3F86-4948-9825-5B37E45F3999}.Debug|Any CPU.Build.0 = Debug|Any CPU
		{4E017C8D-3F86-4948-9825-5B37E45F3999}.Release|Any CPU.ActiveCfg = Release|Any CPU
		{4E017C8D-3F86-4948-9825-5B37E45F3999}.Release|Any CPU.Build.0 = Release|Any CPU
		{9DE9F35D-6D7D-47A9-8B7E-B6021AF0104B}.Debug|Any CPU.ActiveCfg = Debug|Any CPU
		{9DE9F35D-6D7D-47A9-8B7E-B6021AF0104B}.Debug|Any CPU.Build.0 = Debug|Any CPU
		{9DE9F35D-6D7D-47A9-8B7E-B6021AF0104B}.Release|Any CPU.ActiveCfg = Release|Any CPU
		{9DE9F35D-6D7D-47A9-8B7E-B6021AF0104B}.Release|Any CPU.Build.0 = Release|Any CPU
		{B791230B-6F37-43AA-AD9A-522DBE6A8C6B}.Debug|Any CPU.ActiveCfg = Debug|Any CPU
		{B791230B-6F37-43AA-AD9A-522DBE6A8C6B}.Debug|Any CPU.Build.0 = Debug|Any CPU
		{B791230B-6F37-43AA-AD9A-522DBE6A8C6B}.Release|Any CPU.ActiveCfg = Release|Any CPU
		{B791230B-6F37-43AA-AD9A-522DBE6A8C6B}.Release|Any CPU.Build.0 = Release|Any CPU
		{D426A2C8-0085-43D9-A301-1B23E80F5ADA}.Debug|Any CPU.ActiveCfg = Debug|Any CPU
		{D426A2C8-0085-43D9-A301-1B23E80F5ADA}.Debug|Any CPU.Build.0 = Debug|Any CPU
		{D426A2C8-0085-43D9-A301-1B23E80F5ADA}.Release|Any CPU.ActiveCfg = Release|Any CPU
		{D426A2C8-0085-43D9-A301-1B23E80F5ADA}.Release|Any CPU.Build.0 = Release|Any CPU
		{F7B7F253-0294-4898-8AF3-FEF72743DE53}.Debug|Any CPU.ActiveCfg = Debug|Any CPU
		{F7B7F253-0294-4898-8AF3-FEF72743DE53}.Debug|Any CPU.Build.0 = Debug|Any CPU
		{F7B7F253-0294-4898-8AF3-FEF72743DE53}.Release|Any CPU.ActiveCfg = Release|Any CPU
		{F7B7F253-0294-4898-8AF3-FEF72743DE53}.Release|Any CPU.Build.0 = Release|Any CPU
		{94A4B958-A533-423D-ADD9-9E13EC8F2C33}.Debug|Any CPU.ActiveCfg = Debug|Any CPU
		{94A4B958-A533-423D-ADD9-9E13EC8F2C33}.Debug|Any CPU.Build.0 = Debug|Any CPU
		{94A4B958-A533-423D-ADD9-9E13EC8F2C33}.Release|Any CPU.ActiveCfg = Release|Any CPU
		{94A4B958-A533-423D-ADD9-9E13EC8F2C33}.Release|Any CPU.Build.0 = Release|Any CPU
		{4FE4436C-0F92-47E5-9C84-F866CBA43D7C}.Debug|Any CPU.ActiveCfg = Debug|Any CPU
		{4FE4436C-0F92-47E5-9C84-F866CBA43D7C}.Debug|Any CPU.Build.0 = Debug|Any CPU
		{4FE4436C-0F92-47E5-9C84-F866CBA43D7C}.Release|Any CPU.ActiveCfg = Release|Any CPU
		{4FE4436C-0F92-47E5-9C84-F866CBA43D7C}.Release|Any CPU.Build.0 = Release|Any CPU
		{B188E3C1-6F93-4A24-B73A-505EE0D72444}.Debug|Any CPU.ActiveCfg = Debug|Any CPU
		{B188E3C1-6F93-4A24-B73A-505EE0D72444}.Debug|Any CPU.Build.0 = Debug|Any CPU
		{B188E3C1-6F93-4A24-B73A-505EE0D72444}.Release|Any CPU.ActiveCfg = Release|Any CPU
		{B188E3C1-6F93-4A24-B73A-505EE0D72444}.Release|Any CPU.Build.0 = Release|Any CPU
		{8033806F-C5B3-4D97-950C-6073AE24C703}.Debug|Any CPU.ActiveCfg = Debug|Any CPU
		{8033806F-C5B3-4D97-950C-6073AE24C703}.Debug|Any CPU.Build.0 = Debug|Any CPU
		{8033806F-C5B3-4D97-950C-6073AE24C703}.Release|Any CPU.ActiveCfg = Release|Any CPU
		{8033806F-C5B3-4D97-950C-6073AE24C703}.Release|Any CPU.Build.0 = Release|Any CPU
		{94D14591-42A4-40E4-B8D2-330FC1ADEB55}.Debug|Any CPU.ActiveCfg = Debug|Any CPU
		{94D14591-42A4-40E4-B8D2-330FC1ADEB55}.Debug|Any CPU.Build.0 = Debug|Any CPU
		{94D14591-42A4-40E4-B8D2-330FC1ADEB55}.Release|Any CPU.ActiveCfg = Release|Any CPU
		{94D14591-42A4-40E4-B8D2-330FC1ADEB55}.Release|Any CPU.Build.0 = Release|Any CPU
		{9493CAE8-52CA-4479-B965-D915B9CF3E0B}.Debug|Any CPU.ActiveCfg = Debug|Any CPU
		{9493CAE8-52CA-4479-B965-D915B9CF3E0B}.Debug|Any CPU.Build.0 = Debug|Any CPU
		{9493CAE8-52CA-4479-B965-D915B9CF3E0B}.Release|Any CPU.ActiveCfg = Release|Any CPU
		{9493CAE8-52CA-4479-B965-D915B9CF3E0B}.Release|Any CPU.Build.0 = Release|Any CPU
	EndGlobalSection
	GlobalSection(SolutionProperties) = preSolution
		HideSolutionNode = FALSE
	EndGlobalSection
	GlobalSection(NestedProjects) = preSolution
		{129AE6F3-4DD1-4D40-8D8B-9D78F8F780A2} = {4C89E2C1-7532-450E-A38D-F8D7A17F9F0F}
		{17BB4B9D-57CA-406A-9FA9-C3F3BCA1D7C9} = {4C89E2C1-7532-450E-A38D-F8D7A17F9F0F}
		{AE4B89E1-56E7-4D86-AB00-A030F0CC95C6} = {4C89E2C1-7532-450E-A38D-F8D7A17F9F0F}
		{C5E7DD87-B42A-49D9-84B2-C33B24A4F7F2} = {4C89E2C1-7532-450E-A38D-F8D7A17F9F0F}
		{A4DCF56B-BD47-4D4D-BCD6-A2AD8283CBE0} = {4C89E2C1-7532-450E-A38D-F8D7A17F9F0F}
		{D6B54D31-13B2-4B6C-B8EC-8761612AD8C1} = {C28008CB-435A-4A61-9500-1BFFE92C11A4}
		{7621B615-0A51-4F37-8A7A-A02AFC1AB9DC} = {C28008CB-435A-4A61-9500-1BFFE92C11A4}
		{0DC1F6DA-F520-4387-B956-6B6E2D36C7A6} = {C28008CB-435A-4A61-9500-1BFFE92C11A4}
		{4E017C8D-3F86-4948-9825-5B37E45F3999} = {C28008CB-435A-4A61-9500-1BFFE92C11A4}
		{9DE9F35D-6D7D-47A9-8B7E-B6021AF0104B} = {C28008CB-435A-4A61-9500-1BFFE92C11A4}
		{B791230B-6F37-43AA-AD9A-522DBE6A8C6B} = {C28008CB-435A-4A61-9500-1BFFE92C11A4}
		{D426A2C8-0085-43D9-A301-1B23E80F5ADA} = {C28008CB-435A-4A61-9500-1BFFE92C11A4}
		{F7B7F253-0294-4898-8AF3-FEF72743DE53} = {994132F1-BD6F-4CF7-BFCE-672DFD3DCB61}
		{94A4B958-A533-423D-ADD9-9E13EC8F2C33} = {994132F1-BD6F-4CF7-BFCE-672DFD3DCB61}
		{4FE4436C-0F92-47E5-9C84-F866CBA43D7C} = {994132F1-BD6F-4CF7-BFCE-672DFD3DCB61}
		{B188E3C1-6F93-4A24-B73A-505EE0D72444} = {994132F1-BD6F-4CF7-BFCE-672DFD3DCB61}
		{8033806F-C5B3-4D97-950C-6073AE24C703} = {994132F1-BD6F-4CF7-BFCE-672DFD3DCB61}
		{94D14591-42A4-40E4-B8D2-330FC1ADEB55} = {994132F1-BD6F-4CF7-BFCE-672DFD3DCB61}
		{9493CAE8-52CA-4479-B965-D915B9CF3E0B} = {994132F1-BD6F-4CF7-BFCE-672DFD3DCB61}
	EndGlobalSection
	GlobalSection(ExtensibilityGlobals) = postSolution
		SolutionGuid = {593EE3C4-FC16-4DEF-9940-FDF326508273}
	EndGlobalSection
EndGlobal
